
Microsoft Visual Studio Solution File, Format Version 12.00
# Visual Studio Version 17
VisualStudioVersion = 17.11.35222.181
MinimumVisualStudioVersion = 10.0.40219.1
Project("{9A19103F-16F7-4668-BE54-9A1E7A4F7556}") = "Biblioteca", "Biblioteca\Biblioteca.csproj", "{F29AF9DB-7987-46BB-88AF-91820953DB4D}"
EndProject
Global
	GlobalSection(SolutionConfigurationPlatforms) = preSolution
		Debug|Any CPU = Debug|Any CPU
		Release|Any CPU = Release|Any CPU
	EndGlobalSection
	GlobalSection(ProjectConfigurationPlatforms) = postSolution
		{F29AF9DB-7987-46BB-88AF-91820953DB4D}.Debug|Any CPU.ActiveCfg = Debug|Any CPU
		{F29AF9DB-7987-46BB-88AF-91820953DB4D}.Debug|Any CPU.Build.0 = Debug|Any CPU
		{F29AF9DB-7987-46BB-88AF-91820953DB4D}.Release|Any CPU.ActiveCfg = Release|Any CPU
		{F29AF9DB-7987-46BB-88AF-91820953DB4D}.Release|Any CPU.Build.0 = Release|Any CPU
	EndGlobalSection
	GlobalSection(SolutionProperties) = preSolution
		HideSolutionNode = FALSE
	EndGlobalSection
	GlobalSection(ExtensibilityGlobals) = postSolution
		SolutionGuid = {B0E47464-A683-4D91-9D78-373D01F6F9A1}
	EndGlobalSection
EndGlobal
